
Microsoft Visual Studio Solution File, Format Version 12.00
# Visual Studio Version 16
VisualStudioVersion = 16.0.31702.278
MinimumVisualStudioVersion = 10.0.40219.1
Project("{2150E333-8FDC-42A3-9474-1A3956D46DE8}") = "Services", "Services", "{549D1214-EBCB-42D5-A8C9-D00424930E80}"
EndProject
Project("{2150E333-8FDC-42A3-9474-1A3956D46DE8}") = "WebApps", "WebApps", "{560A687A-6ABD-4D71-B0BC-670B2B316090}"
EndProject
Project("{2150E333-8FDC-42A3-9474-1A3956D46DE8}") = "Cadastros", "Cadastros", "{5C53B6E2-BC29-44EF-AFA5-0E1B8569C22C}"
EndProject
Project("{2150E333-8FDC-42A3-9474-1A3956D46DE8}") = "Catalogo", "Catalogo", "{EE127BC3-73BF-4361-A852-7CFF0D52E782}"
EndProject
Project("{2150E333-8FDC-42A3-9474-1A3956D46DE8}") = "Core", "Core", "{F781AF55-EC19-45DB-88FE-2D78ADE64BE5}"
EndProject
Project("{2150E333-8FDC-42A3-9474-1A3956D46DE8}") = "Fiscal", "Fiscal", "{0B71CEFE-E974-4C56-ACC9-CB4EB0D2A194}"
EndProject
Project("{2150E333-8FDC-42A3-9474-1A3956D46DE8}") = "Pagamentos", "Pagamentos", "{EAAFAB52-696F-4C69-8708-B58EF0EDB22E}"
EndProject
Project("{2150E333-8FDC-42A3-9474-1A3956D46DE8}") = "Vendas", "Vendas", "{335C3BB3-7807-4E6B-82E8-93A4024858FB}"
EndProject
Project("{9A19103F-16F7-4668-BE54-9A1E7A4F7556}") = "NerdStore.Catalogo.Domain", "src\NerdStore.Catalogo.Domain\NerdStore.Catalogo.Domain.csproj", "{D08DD510-F75A-4DFD-ACF0-40273BCEAD9D}"
EndProject
Project("{9A19103F-16F7-4668-BE54-9A1E7A4F7556}") = "NerdStore.Core", "src\NerdStore.Core\NerdStore.Core.csproj", "{C94E947C-62BC-413A-8C69-01230F673723}"
EndProject
Project("{2150E333-8FDC-42A3-9474-1A3956D46DE8}") = "Tests", "Tests", "{5AC4AEF4-250E-4DC9-A1EF-5F393F6F6172}"
EndProject
Project("{9A19103F-16F7-4668-BE54-9A1E7A4F7556}") = "NerdStore.Catalogo.Domain.Tests", "tests\NerdStore.Catalogo.Domain.Tests\NerdStore.Catalogo.Domain.Tests.csproj", "{EE50049B-0979-477B-AFC8-BF7F05EE5A6E}"
EndProject
Project("{9A19103F-16F7-4668-BE54-9A1E7A4F7556}") = "NerdStore.Catalogo.Data", "src\NerdStore.Catalogo.Data\NerdStore.Catalogo.Data.csproj", "{0FFC34B7-AD36-4556-922C-92B889091D9D}"
EndProject
Project("{9A19103F-16F7-4668-BE54-9A1E7A4F7556}") = "NerdStore.Catalogo.Application", "src\NerdStore.Catalogo.Application\NerdStore.Catalogo.Application.csproj", "{F565BCDC-28F5-4F8D-B723-BF906C90010B}"
EndProject
Project("{FAE04EC0-301F-11D3-BF4B-00C04F79EFBC}") = "NerdStore.WebApp.MVC", "src\NerdStore.WebApp.MVC\NerdStore.WebApp.MVC.csproj", "{35CED8D6-8B04-49F1-B800-84F22C1059B4}"
EndProject
Global
	GlobalSection(SolutionConfigurationPlatforms) = preSolution
		Debug|Any CPU = Debug|Any CPU
		Release|Any CPU = Release|Any CPU
	EndGlobalSection
	GlobalSection(ProjectConfigurationPlatforms) = postSolution
		{D08DD510-F75A-4DFD-ACF0-40273BCEAD9D}.Debug|Any CPU.ActiveCfg = Debug|Any CPU
		{D08DD510-F75A-4DFD-ACF0-40273BCEAD9D}.Debug|Any CPU.Build.0 = Debug|Any CPU
		{D08DD510-F75A-4DFD-ACF0-40273BCEAD9D}.Release|Any CPU.ActiveCfg = Release|Any CPU
		{D08DD510-F75A-4DFD-ACF0-40273BCEAD9D}.Release|Any CPU.Build.0 = Release|Any CPU
		{C94E947C-62BC-413A-8C69-01230F673723}.Debug|Any CPU.ActiveCfg = Debug|Any CPU
		{C94E947C-62BC-413A-8C69-01230F673723}.Debug|Any CPU.Build.0 = Debug|Any CPU
		{C94E947C-62BC-413A-8C69-01230F673723}.Release|Any CPU.ActiveCfg = Release|Any CPU
		{C94E947C-62BC-413A-8C69-01230F673723}.Release|Any CPU.Build.0 = Release|Any CPU
		{EE50049B-0979-477B-AFC8-BF7F05EE5A6E}.Debug|Any CPU.ActiveCfg = Debug|Any CPU
		{EE50049B-0979-477B-AFC8-BF7F05EE5A6E}.Debug|Any CPU.Build.0 = Debug|Any CPU
		{EE50049B-0979-477B-AFC8-BF7F05EE5A6E}.Release|Any CPU.ActiveCfg = Release|Any CPU
		{EE50049B-0979-477B-AFC8-BF7F05EE5A6E}.Release|Any CPU.Build.0 = Release|Any CPU
		{0FFC34B7-AD36-4556-922C-92B889091D9D}.Debug|Any CPU.ActiveCfg = Debug|Any CPU
		{0FFC34B7-AD36-4556-922C-92B889091D9D}.Debug|Any CPU.Build.0 = Debug|Any CPU
		{0FFC34B7-AD36-4556-922C-92B889091D9D}.Release|Any CPU.ActiveCfg = Release|Any CPU
		{0FFC34B7-AD36-4556-922C-92B889091D9D}.Release|Any CPU.Build.0 = Release|Any CPU
		{F565BCDC-28F5-4F8D-B723-BF906C90010B}.Debug|Any CPU.ActiveCfg = Debug|Any CPU
		{F565BCDC-28F5-4F8D-B723-BF906C90010B}.Debug|Any CPU.Build.0 = Debug|Any CPU
		{F565BCDC-28F5-4F8D-B723-BF906C90010B}.Release|Any CPU.ActiveCfg = Release|Any CPU
		{F565BCDC-28F5-4F8D-B723-BF906C90010B}.Release|Any CPU.Build.0 = Release|Any CPU
		{35CED8D6-8B04-49F1-B800-84F22C1059B4}.Debug|Any CPU.ActiveCfg = Debug|Any CPU
		{35CED8D6-8B04-49F1-B800-84F22C1059B4}.Debug|Any CPU.Build.0 = Debug|Any CPU
		{35CED8D6-8B04-49F1-B800-84F22C1059B4}.Release|Any CPU.ActiveCfg = Release|Any CPU
		{35CED8D6-8B04-49F1-B800-84F22C1059B4}.Release|Any CPU.Build.0 = Release|Any CPU
	EndGlobalSection
	GlobalSection(SolutionProperties) = preSolution
		HideSolutionNode = FALSE
	EndGlobalSection
	GlobalSection(NestedProjects) = preSolution
		{5C53B6E2-BC29-44EF-AFA5-0E1B8569C22C} = {549D1214-EBCB-42D5-A8C9-D00424930E80}
		{EE127BC3-73BF-4361-A852-7CFF0D52E782} = {549D1214-EBCB-42D5-A8C9-D00424930E80}
		{F781AF55-EC19-45DB-88FE-2D78ADE64BE5} = {549D1214-EBCB-42D5-A8C9-D00424930E80}
		{0B71CEFE-E974-4C56-ACC9-CB4EB0D2A194} = {549D1214-EBCB-42D5-A8C9-D00424930E80}
		{EAAFAB52-696F-4C69-8708-B58EF0EDB22E} = {549D1214-EBCB-42D5-A8C9-D00424930E80}
		{335C3BB3-7807-4E6B-82E8-93A4024858FB} = {549D1214-EBCB-42D5-A8C9-D00424930E80}
		{D08DD510-F75A-4DFD-ACF0-40273BCEAD9D} = {EE127BC3-73BF-4361-A852-7CFF0D52E782}
		{C94E947C-62BC-413A-8C69-01230F673723} = {F781AF55-EC19-45DB-88FE-2D78ADE64BE5}
		{5AC4AEF4-250E-4DC9-A1EF-5F393F6F6172} = {EE127BC3-73BF-4361-A852-7CFF0D52E782}
		{EE50049B-0979-477B-AFC8-BF7F05EE5A6E} = {5AC4AEF4-250E-4DC9-A1EF-5F393F6F6172}
		{0FFC34B7-AD36-4556-922C-92B889091D9D} = {EE127BC3-73BF-4361-A852-7CFF0D52E782}
		{F565BCDC-28F5-4F8D-B723-BF906C90010B} = {EE127BC3-73BF-4361-A852-7CFF0D52E782}
		{35CED8D6-8B04-49F1-B800-84F22C1059B4} = {560A687A-6ABD-4D71-B0BC-670B2B316090}
	EndGlobalSection
	GlobalSection(ExtensibilityGlobals) = postSolution
		SolutionGuid = {41E08F3C-839A-47E1-84AF-69D611CD3BE0}
	EndGlobalSection
EndGlobal
